
Microsoft Visual Studio Solution File, Format Version 12.00
# Visual Studio Version 17
VisualStudioVersion = 17.2.32616.157
MinimumVisualStudioVersion = 10.0.40219.1
Project("{FAE04EC0-301F-11D3-BF4B-00C04F79EFBC}") = "wingit", "wingit\wingit.csproj", "{D463BE1D-13CE-47D3-8C9E-056D71ED47C8}"
EndProject
Global
	GlobalSection(SolutionConfigurationPlatforms) = preSolution
		Debug|Any CPU = Debug|Any CPU
		Release|Any CPU = Release|Any CPU
	EndGlobalSection
	GlobalSection(ProjectConfigurationPlatforms) = postSolution
		{D463BE1D-13CE-47D3-8C9E-056D71ED47C8}.Debug|Any CPU.ActiveCfg = Debug|Any CPU
		{D463BE1D-13CE-47D3-8C9E-056D71ED47C8}.Debug|Any CPU.Build.0 = Debug|Any CPU
		{D463BE1D-13CE-47D3-8C9E-056D71ED47C8}.Release|Any CPU.ActiveCfg = Release|Any CPU
		{D463BE1D-13CE-47D3-8C9E-056D71ED47C8}.Release|Any CPU.Build.0 = Release|Any CPU
	EndGlobalSection
	GlobalSection(SolutionProperties) = preSolution
		HideSolutionNode = FALSE
	EndGlobalSection
	GlobalSection(ExtensibilityGlobals) = postSolution
		SolutionGuid = {16879894-313D-48B4-B5C7-2DAFCFC98F47}
	EndGlobalSection
EndGlobal
